
Microsoft Visual Studio Solution File, Format Version 12.00
# Visual Studio Version 16
VisualStudioVersion = 16.0.29613.14
MinimumVisualStudioVersion = 10.0.40219.1
Project("{FAE04EC0-301F-11D3-BF4B-00C04F79EFBC}") = "WcfService_CodeFirstApproach", "..\WcfService_CodeFirstApproach\WcfService_CodeFirstApproach.csproj", "{5EAAE155-F24A-44FF-8790-8D1C7E1DD287}"
EndProject
Project("{FAE04EC0-301F-11D3-BF4B-00C04F79EFBC}") = "UserHouseHoldPresentationLayer", "..\UserHouseHoldPresentationLayer\UserHouseHoldPresentationLayer.csproj", "{0B4BDA72-F8BC-4655-8EFA-FE6FC64D28B6}"
EndProject
Project("{FAE04EC0-301F-11D3-BF4B-00C04F79EFBC}") = "Models", "..\Models\Models.csproj", "{16D11644-9330-45F3-A653-8A9E43E4F484}"
EndProject
Global
	GlobalSection(SolutionConfigurationPlatforms) = preSolution
		Debug|Any CPU = Debug|Any CPU
		Release|Any CPU = Release|Any CPU
	EndGlobalSection
	GlobalSection(ProjectConfigurationPlatforms) = postSolution
		{5EAAE155-F24A-44FF-8790-8D1C7E1DD287}.Debug|Any CPU.ActiveCfg = Debug|Any CPU
		{5EAAE155-F24A-44FF-8790-8D1C7E1DD287}.Debug|Any CPU.Build.0 = Debug|Any CPU
		{5EAAE155-F24A-44FF-8790-8D1C7E1DD287}.Release|Any CPU.ActiveCfg = Release|Any CPU
		{5EAAE155-F24A-44FF-8790-8D1C7E1DD287}.Release|Any CPU.Build.0 = Release|Any CPU
		{0B4BDA72-F8BC-4655-8EFA-FE6FC64D28B6}.Debug|Any CPU.ActiveCfg = Debug|Any CPU
		{0B4BDA72-F8BC-4655-8EFA-FE6FC64D28B6}.Debug|Any CPU.Build.0 = Debug|Any CPU
		{0B4BDA72-F8BC-4655-8EFA-FE6FC64D28B6}.Release|Any CPU.ActiveCfg = Release|Any CPU
		{0B4BDA72-F8BC-4655-8EFA-FE6FC64D28B6}.Release|Any CPU.Build.0 = Release|Any CPU
		{16D11644-9330-45F3-A653-8A9E43E4F484}.Debug|Any CPU.ActiveCfg = Debug|Any CPU
		{16D11644-9330-45F3-A653-8A9E43E4F484}.Debug|Any CPU.Build.0 = Debug|Any CPU
		{16D11644-9330-45F3-A653-8A9E43E4F484}.Release|Any CPU.ActiveCfg = Release|Any CPU
		{16D11644-9330-45F3-A653-8A9E43E4F484}.Release|Any CPU.Build.0 = Release|Any CPU
	EndGlobalSection
	GlobalSection(SolutionProperties) = preSolution
		HideSolutionNode = FALSE
	EndGlobalSection
	GlobalSection(ExtensibilityGlobals) = postSolution
		SolutionGuid = {09FB3DFB-FAB7-4B55-9023-3313BC1D9270}
	EndGlobalSection
EndGlobal
